PODS:
  - Flutter (1.0.0)
  - gal (1.0.0):
    - Flutter
    - FlutterMacOS
  - image_picker_ios (0.0.1):
    - Flutter
  - integration_test (0.0.1):
    - Flutter
  - native_cutout (0.0.1):
    - Flutter

DEPENDENCIES:
  - Flutter (from `Flutter`)
  - gal (from `.symlinks/plugins/gal/darwin`)
  - image_picker_ios (from `.symlinks/plugins/image_picker_ios/ios`)
  - integration_test (from `.symlinks/plugins/integration_test/ios`)
  - native_cutout (from `.symlinks/plugins/native_cutout/ios`)

EXTERNAL SOURCES:
  Flutter:
    :path: Flutter
  gal:
    :path: ".symlinks/plugins/gal/darwin"
  image_picker_ios:
    :path: ".symlinks/plugins/image_picker_ios/ios"
  integration_test:
    :path: ".symlinks/plugins/integration_test/ios"
  native_cutout:
    :path: ".symlinks/plugins/native_cutout/ios"

SPEC CHECKSUMS:
  Flutter: cabc95a1d2626b1b06e7179b784ebcf0c0cde467
  gal: baecd024ebfd13c441269ca7404792a7152fde89
  image_picker_ios: e0ece4aa2a75771a7de3fa735d26d90817041326
  integration_test: 4a889634ef21a45d28d50d622cf412dc6d9f586e
  native_cutout: 0a897d5d6c4b8394040148025400e9a53479b6f1

PODFILE CHECKSUM: b67a1341ee7c5ce2cdad8d2bd8301d7db1156347

COCOAPODS: 1.16.2
