PODS:
  - Flutter (1.0.0)
  - gal (1.0.0):
    - Flutter
    - FlutterMacOS
  - image_picker_ios (0.0.1):
    - Flutter
  - integration_test (0.0.1):
    - Flutter
  - native_cutout (0.0.1):
    - Flutter

DEPENDENCIES:
  - Flutter (from `Flutter`)
  - gal (from `.symlinks/plugins/gal/darwin`)
  - image_picker_ios (from `.symlinks/plugins/image_picker_ios/ios`)
  - integration_test (from `.symlinks/plugins/integration_test/ios`)
  - native_cutout (from `.symlinks/plugins/native_cutout/ios`)

EXTERNAL SOURCES:
  Flutter:
    :path: Flutter
  gal:
    :path: ".symlinks/plugins/gal/darwin"
  image_picker_ios:
    :path: ".symlinks/plugins/image_picker_ios/ios"
  integration_test:
    :path: ".symlinks/plugins/integration_test/ios"
  native_cutout:
    :path: ".symlinks/plugins/native_cutout/ios"

SPEC CHECKSUMS:
  Flutter: cabc95a1d2626b1b06e7179b784ebcf0c0cde467
  gal: 6a522c75909f1244732d4596d11d6a2f86ff37a5
  image_picker_ios: 4f2f91b01abdb52842a8e277617df877e40f905b
  integration_test: 252f60fa39af5e17c3aa9899d35d908a0721b573
  native_cutout: 7609594bebcdea8f9a053a16a14f259f7810b011

PODFILE CHECKSUM: bdac27291e2a21979bf54c28b447c2ff69613b54

COCOAPODS: 1.16.2
